
Microsoft Visual Studio Solution File, Format Version 12.00
# Visual Studio Version 17
VisualStudioVersion = 17.4.33213.308
MinimumVisualStudioVersion = 10.0.40219.1
Project("{FAE04EC0-301F-11D3-BF4B-00C04F79EFBC}") = "Portfolio", "Portfolio\Portfolio.csproj", "{E840F70D-24EE-4E33-B7F0-D1C3A00FCEAB}"
EndProject
Global
	GlobalSection(SolutionConfigurationPlatforms) = preSolution
		Debug|Any CPU = Debug|Any CPU
		Release|Any CPU = Release|Any CPU
	EndGlobalSection
	GlobalSection(ProjectConfigurationPlatforms) = postSolution
		{E840F70D-24EE-4E33-B7F0-D1C3A00FCEAB}.Debug|Any CPU.ActiveCfg = Debug|Any CPU
		{E840F70D-24EE-4E33-B7F0-D1C3A00FCEAB}.Debug|Any CPU.Build.0 = Debug|Any CPU
		{E840F70D-24EE-4E33-B7F0-D1C3A00FCEAB}.Release|Any CPU.ActiveCfg = Release|Any CPU
		{E840F70D-24EE-4E33-B7F0-D1C3A00FCEAB}.Release|Any CPU.Build.0 = Release|Any CPU
	EndGlobalSection
	GlobalSection(SolutionProperties) = preSolution
		HideSolutionNode = FALSE
	EndGlobalSection
	GlobalSection(ExtensibilityGlobals) = postSolution
		SolutionGuid = {BD33E642-1640-4EDA-ACBD-759C8E3A2079}
	EndGlobalSection
EndGlobal
